{
  "name": "backend",
  "lockfileVersion": 3,
  "requires": true,
  "packages": {
    "": {
      "dependencies": {
        "@tencent-ai/agent-sdk": "^0.1.18"
      }
    },
    "node_modules/@tencent-ai/agent-sdk": {
      "version": "0.1.18",
      "resolved": "https://mirrors.tencent.com/npm/@tencent-ai/agent-sdk/-/agent-sdk-0.1.18.tgz",
      "integrity": "sha512-NS0PjmyUogAO2Y+JSpnfZnWxvNi67EPD0Ik1Sytd08sI2L9Ksyis972tLIKc685xX6PMeQ46efGzLVemeEkXzg==",
      "license": "MIT"
    }
  }
}
